{
    "name": "@wintercms/wn-sentry-plugin",
    "version": "1.0.0",
    "lockfileVersion": 2,
    "requires": true,
    "packages": {
        "": {
            "name": "@wintercms/wn-sentry-plugin",
            "version": "1.0.0",
            "license": "MIT",
            "dependencies": {
                "@sentry/browser": "^7.24.2",
                "@sentry/tracing": "^7.24.2"
            }
        },
        "node_modules/@sentry/browser": {
            "version": "7.24.2",
            "resolved": "https://registry.npmjs.org/@sentry/browser/-/browser-7.24.2.tgz",
            "integrity": "sha512-X6NbQT0Dp+h54j73TPLgWf3yyLyTZGJI5WQSGEsNIroqhVzD3UF8M+E+3roYpSJDDyYdfuM+WBme+MYkmeqHIw==",
            "dependencies": {
                "@sentry/core": "7.24.2",
                "@sentry/types": "7.24.2",
                "@sentry/utils": "7.24.2",
                "tslib": "^1.9.3"
            },
            "engines": {
                "node": ">=8"
            }
        },
        "node_modules/@sentry/core": {
            "version": "7.24.2",
            "resolved": "https://registry.npmjs.org/@sentry/core/-/core-7.24.2.tgz",
            "integrity": "sha512-CDfrVvr3PQ0qImJv7/6yN/5hxhwxy1HicxTL9K5RwSDoXqgK3kUGv/WmTvPNIVB2RQKodLwzS2T52NFRxRoqNw==",
            "dependencies": {
                "@sentry/types": "7.24.2",
                "@sentry/utils": "7.24.2",
                "tslib": "^1.9.3"
            },
            "engines": {
                "node": ">=8"
            }
        },
        "node_modules/@sentry/tracing": {
            "version": "7.24.2",
            "resolved": "https://registry.npmjs.org/@sentry/tracing/-/tracing-7.24.2.tgz",
            "integrity": "sha512-rK1HUeCLM27DGGah1+5DN0C9Y4g9dnyMU5rdrRxGQGqxIJiwzHYwJI9xoNoAVMmt8jqFliDEpYvh2jsW8593IA==",
            "dependencies": {
                "@sentry/core": "7.24.2",
                "@sentry/types": "7.24.2",
                "@sentry/utils": "7.24.2",
                "tslib": "^1.9.3"
            },
            "engines": {
                "node": ">=8"
            }
        },
        "node_modules/@sentry/types": {
            "version": "7.24.2",
            "resolved": "https://registry.npmjs.org/@sentry/types/-/types-7.24.2.tgz",
            "integrity": "sha512-x2LEnKBPzUVzTGspvB0CjZmt1dWeJsLVHGeDKPUMUm004nIscFCxJsmYefqaJQdaIUMqDit5ApwcmKchuK6VKQ==",
            "engines": {
                "node": ">=8"
            }
        },
        "node_modules/@sentry/utils": {
            "version": "7.24.2",
            "resolved": "https://registry.npmjs.org/@sentry/utils/-/utils-7.24.2.tgz",
            "integrity": "sha512-VuuYEF39v43Qk6YZMid8Em/N0HqCsS5ItuTSvunMtBai2dzDAIkJ2LqemF95wWFAXrzpLy4Nx3QyGVHayMn31A==",
            "dependencies": {
                "@sentry/types": "7.24.2",
                "tslib": "^1.9.3"
            },
            "engines": {
                "node": ">=8"
            }
        },
        "node_modules/tslib": {
            "version": "1.14.1",
            "resolved": "https://registry.npmjs.org/tslib/-/tslib-1.14.1.tgz",
            "integrity": "sha512-Xni35NKzjgMrwevysHTCArtLDpPvye8zV/0E4EyYn43P7/7qvQwPh9BGkHewbMulVntbigmcT7rdX3BNo9wRJg=="
        }
    },
    "dependencies": {
        "@sentry/browser": {
            "version": "7.24.2",
            "resolved": "https://registry.npmjs.org/@sentry/browser/-/browser-7.24.2.tgz",
            "integrity": "sha512-X6NbQT0Dp+h54j73TPLgWf3yyLyTZGJI5WQSGEsNIroqhVzD3UF8M+E+3roYpSJDDyYdfuM+WBme+MYkmeqHIw==",
            "requires": {
                "@sentry/core": "7.24.2",
                "@sentry/types": "7.24.2",
                "@sentry/utils": "7.24.2",
                "tslib": "^1.9.3"
            }
        },
        "@sentry/core": {
            "version": "7.24.2",
            "resolved": "https://registry.npmjs.org/@sentry/core/-/core-7.24.2.tgz",
            "integrity": "sha512-CDfrVvr3PQ0qImJv7/6yN/5hxhwxy1HicxTL9K5RwSDoXqgK3kUGv/WmTvPNIVB2RQKodLwzS2T52NFRxRoqNw==",
            "requires": {
                "@sentry/types": "7.24.2",
                "@sentry/utils": "7.24.2",
                "tslib": "^1.9.3"
            }
        },
        "@sentry/tracing": {
            "version": "7.24.2",
            "resolved": "https://registry.npmjs.org/@sentry/tracing/-/tracing-7.24.2.tgz",
            "integrity": "sha512-rK1HUeCLM27DGGah1+5DN0C9Y4g9dnyMU5rdrRxGQGqxIJiwzHYwJI9xoNoAVMmt8jqFliDEpYvh2jsW8593IA==",
            "requires": {
                "@sentry/core": "7.24.2",
                "@sentry/types": "7.24.2",
                "@sentry/utils": "7.24.2",
                "tslib": "^1.9.3"
            }
        },
        "@sentry/types": {
            "version": "7.24.2",
            "resolved": "https://registry.npmjs.org/@sentry/types/-/types-7.24.2.tgz",
            "integrity": "sha512-x2LEnKBPzUVzTGspvB0CjZmt1dWeJsLVHGeDKPUMUm004nIscFCxJsmYefqaJQdaIUMqDit5ApwcmKchuK6VKQ=="
        },
        "@sentry/utils": {
            "version": "7.24.2",
            "resolved": "https://registry.npmjs.org/@sentry/utils/-/utils-7.24.2.tgz",
            "integrity": "sha512-VuuYEF39v43Qk6YZMid8Em/N0HqCsS5ItuTSvunMtBai2dzDAIkJ2LqemF95wWFAXrzpLy4Nx3QyGVHayMn31A==",
            "requires": {
                "@sentry/types": "7.24.2",
                "tslib": "^1.9.3"
            }
        },
        "tslib": {
            "version": "1.14.1",
            "resolved": "https://registry.npmjs.org/tslib/-/tslib-1.14.1.tgz",
            "integrity": "sha512-Xni35NKzjgMrwevysHTCArtLDpPvye8zV/0E4EyYn43P7/7qvQwPh9BGkHewbMulVntbigmcT7rdX3BNo9wRJg=="
        }
    }
}
