{
    "name": "@wintercms/wn-sentry-plugin",
    "version": "1.0.0",
    "lockfileVersion": 2,
    "requires": true,
    "packages": {
        "": {
            "name": "@wintercms/wn-sentry-plugin",
            "version": "1.0.0",
            "license": "MIT",
            "dependencies": {
                "@sentry/browser": "^7.39.0",
                "@sentry/tracing": "^7.39.0",
                "@wintercms/wn-sentry-plugin": "file:"
            }
        },
        "node_modules/@sentry/browser": {
            "version": "7.39.0",
            "resolved": "https://registry.npmjs.org/@sentry/browser/-/browser-7.39.0.tgz",
            "integrity": "sha512-LSa89bLDfGK33ArrgutVU8p4UDb809BgOn29qe/YPUL/Wor+cO59XoEmKVmXEqMZYEVjsaUVoBanUoxXKSlYgw==",
            "dependencies": {
                "@sentry/core": "7.39.0",
                "@sentry/replay": "7.39.0",
                "@sentry/types": "7.39.0",
                "@sentry/utils": "7.39.0",
                "tslib": "^1.9.3"
            },
            "engines": {
                "node": ">=8"
            }
        },
        "node_modules/@sentry/core": {
            "version": "7.39.0",
            "resolved": "https://registry.npmjs.org/@sentry/core/-/core-7.39.0.tgz",
            "integrity": "sha512-45WJIcWWCQnZ8zhHtcrkJjQ4YydmzMWY4pmRuBG7Qp+zrCT6ISoyODcjY+SCHFdvXkiYFi8+bFZa1qG3YQnnYw==",
            "dependencies": {
                "@sentry/types": "7.39.0",
                "@sentry/utils": "7.39.0",
                "tslib": "^1.9.3"
            },
            "engines": {
                "node": ">=8"
            }
        },
        "node_modules/@sentry/replay": {
            "version": "7.39.0",
            "resolved": "https://registry.npmjs.org/@sentry/replay/-/replay-7.39.0.tgz",
            "integrity": "sha512-pL5JMk/fOx9KFbNBnqoJQwx7X0ZM4BrypWMzkGKsoENjm5sn6pB/dtO4N4k3gmIy929a89d1qL+HbxHAAxFylQ==",
            "dependencies": {
                "@sentry/core": "7.39.0",
                "@sentry/types": "7.39.0",
                "@sentry/utils": "7.39.0"
            },
            "engines": {
                "node": ">=12"
            }
        },
        "node_modules/@sentry/tracing": {
            "version": "7.39.0",
            "resolved": "https://registry.npmjs.org/@sentry/tracing/-/tracing-7.39.0.tgz",
            "integrity": "sha512-bSRdUMzp/n54J+Qf4hHC4WVvdv4vZEv3NEbNNsnIZNAhnVAq6QB9VzsGRJZ12PqxJU3StDuqLiZFVOmGxETCkQ==",
            "dependencies": {
                "@sentry/core": "7.39.0",
                "@sentry/types": "7.39.0",
                "@sentry/utils": "7.39.0",
                "tslib": "^1.9.3"
            },
            "engines": {
                "node": ">=8"
            }
        },
        "node_modules/@sentry/types": {
            "version": "7.39.0",
            "resolved": "https://registry.npmjs.org/@sentry/types/-/types-7.39.0.tgz",
            "integrity": "sha512-5Y83Y8O3dT5zT2jTKEIPMcpn5lUm05KRMaCXuw0sRsv4r9TbBUKeqiSU1LjowT8rB/XNy8m7DHav8+NmogPaJw==",
            "engines": {
                "node": ">=8"
            }
        },
        "node_modules/@sentry/utils": {
            "version": "7.39.0",
            "resolved": "https://registry.npmjs.org/@sentry/utils/-/utils-7.39.0.tgz",
            "integrity": "sha512-/ZxlPgm1mGgmuMckCTc9iyqDuFTEYNEoMB53IjVFz8ann+37OiWB7Py/QV1rEEsv3xKrGbA8thhRhV9E1sjTlQ==",
            "dependencies": {
                "@sentry/types": "7.39.0",
                "tslib": "^1.9.3"
            },
            "engines": {
                "node": ">=8"
            }
        },
        "node_modules/@wintercms/wn-sentry-plugin": {
            "resolved": "",
            "link": true
        },
        "node_modules/tslib": {
            "version": "1.14.1",
            "resolved": "https://registry.npmjs.org/tslib/-/tslib-1.14.1.tgz",
            "integrity": "sha512-Xni35NKzjgMrwevysHTCArtLDpPvye8zV/0E4EyYn43P7/7qvQwPh9BGkHewbMulVntbigmcT7rdX3BNo9wRJg=="
        }
    },
    "dependencies": {
        "@sentry/browser": {
            "version": "7.39.0",
            "resolved": "https://registry.npmjs.org/@sentry/browser/-/browser-7.39.0.tgz",
            "integrity": "sha512-LSa89bLDfGK33ArrgutVU8p4UDb809BgOn29qe/YPUL/Wor+cO59XoEmKVmXEqMZYEVjsaUVoBanUoxXKSlYgw==",
            "requires": {
                "@sentry/core": "7.39.0",
                "@sentry/replay": "7.39.0",
                "@sentry/types": "7.39.0",
                "@sentry/utils": "7.39.0",
                "tslib": "^1.9.3"
            }
        },
        "@sentry/core": {
            "version": "7.39.0",
            "resolved": "https://registry.npmjs.org/@sentry/core/-/core-7.39.0.tgz",
            "integrity": "sha512-45WJIcWWCQnZ8zhHtcrkJjQ4YydmzMWY4pmRuBG7Qp+zrCT6ISoyODcjY+SCHFdvXkiYFi8+bFZa1qG3YQnnYw==",
            "requires": {
                "@sentry/types": "7.39.0",
                "@sentry/utils": "7.39.0",
                "tslib": "^1.9.3"
            }
        },
        "@sentry/replay": {
            "version": "7.39.0",
            "resolved": "https://registry.npmjs.org/@sentry/replay/-/replay-7.39.0.tgz",
            "integrity": "sha512-pL5JMk/fOx9KFbNBnqoJQwx7X0ZM4BrypWMzkGKsoENjm5sn6pB/dtO4N4k3gmIy929a89d1qL+HbxHAAxFylQ==",
            "requires": {
                "@sentry/core": "7.39.0",
                "@sentry/types": "7.39.0",
                "@sentry/utils": "7.39.0"
            }
        },
        "@sentry/tracing": {
            "version": "7.39.0",
            "resolved": "https://registry.npmjs.org/@sentry/tracing/-/tracing-7.39.0.tgz",
            "integrity": "sha512-bSRdUMzp/n54J+Qf4hHC4WVvdv4vZEv3NEbNNsnIZNAhnVAq6QB9VzsGRJZ12PqxJU3StDuqLiZFVOmGxETCkQ==",
            "requires": {
                "@sentry/core": "7.39.0",
                "@sentry/types": "7.39.0",
                "@sentry/utils": "7.39.0",
                "tslib": "^1.9.3"
            }
        },
        "@sentry/types": {
            "version": "7.39.0",
            "resolved": "https://registry.npmjs.org/@sentry/types/-/types-7.39.0.tgz",
            "integrity": "sha512-5Y83Y8O3dT5zT2jTKEIPMcpn5lUm05KRMaCXuw0sRsv4r9TbBUKeqiSU1LjowT8rB/XNy8m7DHav8+NmogPaJw=="
        },
        "@sentry/utils": {
            "version": "7.39.0",
            "resolved": "https://registry.npmjs.org/@sentry/utils/-/utils-7.39.0.tgz",
            "integrity": "sha512-/ZxlPgm1mGgmuMckCTc9iyqDuFTEYNEoMB53IjVFz8ann+37OiWB7Py/QV1rEEsv3xKrGbA8thhRhV9E1sjTlQ==",
            "requires": {
                "@sentry/types": "7.39.0",
                "tslib": "^1.9.3"
            }
        },
        "@wintercms/wn-sentry-plugin": {
            "version": "file:",
            "requires": {
                "@sentry/browser": "^7.39.0",
                "@sentry/tracing": "^7.39.0",
                "@wintercms/wn-sentry-plugin": "file:"
            },
            "dependencies": {
                "@sentry/browser": {
                    "version": "7.39.0",
                    "resolved": "https://registry.npmjs.org/@sentry/browser/-/browser-7.39.0.tgz",
                    "integrity": "sha512-LSa89bLDfGK33ArrgutVU8p4UDb809BgOn29qe/YPUL/Wor+cO59XoEmKVmXEqMZYEVjsaUVoBanUoxXKSlYgw==",
                    "requires": {
                        "@sentry/core": "7.39.0",
                        "@sentry/replay": "7.39.0",
                        "@sentry/types": "7.39.0",
                        "@sentry/utils": "7.39.0",
                        "tslib": "^1.9.3"
                    }
                },
                "@sentry/core": {
                    "version": "7.39.0",
                    "resolved": "https://registry.npmjs.org/@sentry/core/-/core-7.39.0.tgz",
                    "integrity": "sha512-45WJIcWWCQnZ8zhHtcrkJjQ4YydmzMWY4pmRuBG7Qp+zrCT6ISoyODcjY+SCHFdvXkiYFi8+bFZa1qG3YQnnYw==",
                    "requires": {
                        "@sentry/types": "7.39.0",
                        "@sentry/utils": "7.39.0",
                        "tslib": "^1.9.3"
                    }
                },
                "@sentry/replay": {
                    "version": "7.39.0",
                    "resolved": "https://registry.npmjs.org/@sentry/replay/-/replay-7.39.0.tgz",
                    "integrity": "sha512-pL5JMk/fOx9KFbNBnqoJQwx7X0ZM4BrypWMzkGKsoENjm5sn6pB/dtO4N4k3gmIy929a89d1qL+HbxHAAxFylQ==",
                    "requires": {
                        "@sentry/core": "7.39.0",
                        "@sentry/types": "7.39.0",
                        "@sentry/utils": "7.39.0"
                    }
                },
                "@sentry/tracing": {
                    "version": "7.39.0",
                    "resolved": "https://registry.npmjs.org/@sentry/tracing/-/tracing-7.39.0.tgz",
                    "integrity": "sha512-bSRdUMzp/n54J+Qf4hHC4WVvdv4vZEv3NEbNNsnIZNAhnVAq6QB9VzsGRJZ12PqxJU3StDuqLiZFVOmGxETCkQ==",
                    "requires": {
                        "@sentry/core": "7.39.0",
                        "@sentry/types": "7.39.0",
                        "@sentry/utils": "7.39.0",
                        "tslib": "^1.9.3"
                    }
                },
                "@sentry/types": {
                    "version": "7.39.0",
                    "resolved": "https://registry.npmjs.org/@sentry/types/-/types-7.39.0.tgz",
                    "integrity": "sha512-5Y83Y8O3dT5zT2jTKEIPMcpn5lUm05KRMaCXuw0sRsv4r9TbBUKeqiSU1LjowT8rB/XNy8m7DHav8+NmogPaJw=="
                },
                "@sentry/utils": {
                    "version": "7.39.0",
                    "resolved": "https://registry.npmjs.org/@sentry/utils/-/utils-7.39.0.tgz",
                    "integrity": "sha512-/ZxlPgm1mGgmuMckCTc9iyqDuFTEYNEoMB53IjVFz8ann+37OiWB7Py/QV1rEEsv3xKrGbA8thhRhV9E1sjTlQ==",
                    "requires": {
                        "@sentry/types": "7.39.0",
                        "tslib": "^1.9.3"
                    }
                },
                "tslib": {
                    "version": "1.14.1",
                    "resolved": "https://registry.npmjs.org/tslib/-/tslib-1.14.1.tgz",
                    "integrity": "sha512-Xni35NKzjgMrwevysHTCArtLDpPvye8zV/0E4EyYn43P7/7qvQwPh9BGkHewbMulVntbigmcT7rdX3BNo9wRJg=="
                }
            }
        },
        "tslib": {
            "version": "1.14.1",
            "resolved": "https://registry.npmjs.org/tslib/-/tslib-1.14.1.tgz",
            "integrity": "sha512-Xni35NKzjgMrwevysHTCArtLDpPvye8zV/0E4EyYn43P7/7qvQwPh9BGkHewbMulVntbigmcT7rdX3BNo9wRJg=="
        }
    }
}
